{
  "nodes": {
    "flake-compat": {
      "flake": false,
      "locked": {
        "lastModified": 1641205782,
        "narHash": "sha256-4jY7RCWUoZ9cKD8co0/4tFARpWB+57+r1bLLvXNJliY=",
        "owner": "edolstra",
        "repo": "flake-compat",
        "rev": "b7547d3eed6f32d06102ead8991ec52ab0a4f1a7",
        "type": "github"
      },
      "original": {
        "owner": "edolstra",
        "repo": "flake-compat",
        "type": "github"
      }
    },
    "flake-compat_2": {
      "flake": false,
      "locked": {
        "lastModified": 1641205782,
        "narHash": "sha256-4jY7RCWUoZ9cKD8co0/4tFARpWB+57+r1bLLvXNJliY=",
        "owner": "edolstra",
        "repo": "flake-compat",
        "rev": "b7547d3eed6f32d06102ead8991ec52ab0a4f1a7",
        "type": "github"
      },
      "original": {
        "owner": "edolstra",
        "repo": "flake-compat",
        "type": "github"
      }
    },
    "flake-compat_3": {
      "flake": false,
      "locked": {
        "lastModified": 1641205782,
        "narHash": "sha256-4jY7RCWUoZ9cKD8co0/4tFARpWB+57+r1bLLvXNJliY=",
        "owner": "edolstra",
        "repo": "flake-compat",
        "rev": "b7547d3eed6f32d06102ead8991ec52ab0a4f1a7",
        "type": "github"
      },
      "original": {
        "owner": "edolstra",
        "repo": "flake-compat",
        "type": "github"
      }
    },
    "flake-utils": {
      "locked": {
        "lastModified": 1644229661,
        "narHash": "sha256-1YdnJAsNy69bpcjuoKdOYQX0YxZBiCYZo4Twxerqv7k=",
        "owner": "numtide",
        "repo": "flake-utils",
        "rev": "3cecb5b042f7f209c56ffd8371b2711a290ec797",
        "type": "github"
      },
      "original": {
        "owner": "numtide",
        "repo": "flake-utils",
        "type": "github"
      }
    },
    "flake-utils_2": {
      "locked": {
        "lastModified": 1644229661,
        "narHash": "sha256-1YdnJAsNy69bpcjuoKdOYQX0YxZBiCYZo4Twxerqv7k=",
        "owner": "numtide",
        "repo": "flake-utils",
        "rev": "3cecb5b042f7f209c56ffd8371b2711a290ec797",
        "type": "github"
      },
      "original": {
        "owner": "numtide",
        "repo": "flake-utils",
        "type": "github"
      }
    },
    "flake-utils_3": {
      "locked": {
        "lastModified": 1644229661,
        "narHash": "sha256-1YdnJAsNy69bpcjuoKdOYQX0YxZBiCYZo4Twxerqv7k=",
        "owner": "numtide",
        "repo": "flake-utils",
        "rev": "3cecb5b042f7f209c56ffd8371b2711a290ec797",
        "type": "github"
      },
      "original": {
        "owner": "numtide",
        "repo": "flake-utils",
        "type": "github"
      }
    },
    "neorg": {
      "flake": false,
      "locked": {
        "lastModified": 1644782995,
        "narHash": "sha256-sdEviBPlCc8QsoYV2YIIIY+9rKP0Nq1pVvtWpgG+KGo=",
        "owner": "nvim-neorg",
        "repo": "neorg",
        "rev": "d6d64466f060ff9db87976ca4dfc92dda473a81c",
        "type": "github"
      },
      "original": {
        "owner": "nvim-neorg",
        "repo": "neorg",
        "type": "github"
      }
    },
    "neorg-telescope": {
      "flake": false,
      "locked": {
        "lastModified": 1644782995,
        "narHash": "sha256-sdEviBPlCc8QsoYV2YIIIY+9rKP0Nq1pVvtWpgG+KGo=",
        "owner": "nvim-neorg",
        "repo": "neorg",
        "rev": "d6d64466f060ff9db87976ca4dfc92dda473a81c",
        "type": "github"
      },
      "original": {
        "owner": "nvim-neorg",
        "repo": "neorg",
        "type": "github"
      }
    },
    "nixpkgs": {
      "locked": {
        "lastModified": 1645468016,
        "narHash": "sha256-cLcijj52U2uEb+kDTp0HrHPz4MThp90EsAx9iRRQOi4=",
        "owner": "NixOS",
        "repo": "nixpkgs",
        "rev": "4b83ef3d466780fad8a9324200870761baf7018b",
        "type": "github"
      },
      "original": {
        "owner": "NixOS",
        "ref": "nixpkgs-unstable",
        "repo": "nixpkgs",
        "type": "github"
      }
    },
    "nixpkgs_2": {
      "locked": {
        "lastModified": 1644486793,
        "narHash": "sha256-EeijR4guVHgVv+JpOX3cQO+1XdrkJfGmiJ9XVsVU530=",
        "owner": "NixOS",
        "repo": "nixpkgs",
        "rev": "1882c6b7368fd284ad01b0a5b5601ef136321292",
        "type": "github"
      },
      "original": {
        "owner": "NixOS",
        "ref": "nixpkgs-unstable",
        "repo": "nixpkgs",
        "type": "github"
      }
    },
    "nixpkgs_3": {
      "locked": {
        "lastModified": 1644486793,
        "narHash": "sha256-EeijR4guVHgVv+JpOX3cQO+1XdrkJfGmiJ9XVsVU530=",
        "owner": "NixOS",
        "repo": "nixpkgs",
        "rev": "1882c6b7368fd284ad01b0a5b5601ef136321292",
        "type": "github"
      },
      "original": {
        "owner": "NixOS",
        "ref": "nixpkgs-unstable",
        "repo": "nixpkgs",
        "type": "github"
      }
    },
    "nixpkgs_4": {
      "locked": {
        "lastModified": 1644486793,
        "narHash": "sha256-EeijR4guVHgVv+JpOX3cQO+1XdrkJfGmiJ9XVsVU530=",
        "owner": "NixOS",
        "repo": "nixpkgs",
        "rev": "1882c6b7368fd284ad01b0a5b5601ef136321292",
        "type": "github"
      },
      "original": {
        "owner": "NixOS",
        "ref": "nixpkgs-unstable",
        "repo": "nixpkgs",
        "type": "github"
      }
    },
    "norg": {
      "inputs": {
        "flake-compat": "flake-compat",
        "flake-utils": "flake-utils",
        "nixpkgs": "nixpkgs_2"
      },
      "locked": {
        "lastModified": 1644616538,
        "narHash": "sha256-hFmYosS/smgGmAyIjtKY8vwGUy23kv04eK6TYFkICjc=",
        "owner": "nvim-neorg",
        "repo": "tree-sitter-norg",
        "rev": "ed37d4c571104c64e233a319fc366ede75ee56d4",
        "type": "github"
      },
      "original": {
        "owner": "nvim-neorg",
        "repo": "tree-sitter-norg",
        "type": "github"
      }
    },
    "norg-meta": {
      "inputs": {
        "flake-compat": "flake-compat_2",
        "flake-utils": "flake-utils_2",
        "nixpkgs": "nixpkgs_3"
      },
      "locked": {
        "lastModified": 1644616260,
        "narHash": "sha256-z9+YMy8wzw3ho3wcMkBTvmyVYECkvW/Zueo7/jL03PQ=",
        "owner": "nvim-neorg",
        "repo": "tree-sitter-norg-meta",
        "rev": "b67f8e9a8bd2385270eacf57af8c5462774b935b",
        "type": "github"
      },
      "original": {
        "owner": "nvim-neorg",
        "repo": "tree-sitter-norg-meta",
        "type": "github"
      }
    },
    "norg-table": {
      "inputs": {
        "flake-compat": "flake-compat_3",
        "flake-utils": "flake-utils_3",
        "nixpkgs": "nixpkgs_4"
      },
      "locked": {
        "lastModified": 1644616425,
        "narHash": "sha256-xTH4LmqhtfyN9JGQdquJLQz1McZQItdEY5HpJxbuYC0=",
        "owner": "nvim-neorg",
        "repo": "tree-sitter-norg-table",
        "rev": "f354ea343b8803948e6e1df36eb586e31c529900",
        "type": "github"
      },
      "original": {
        "owner": "nvim-neorg",
        "repo": "tree-sitter-norg-table",
        "type": "github"
      }
    },
    "root": {
      "inputs": {
        "neorg": "neorg",
        "neorg-telescope": "neorg-telescope",
        "nixpkgs": "nixpkgs",
        "norg": "norg",
        "norg-meta": "norg-meta",
        "norg-table": "norg-table"
      }
    }
  },
  "root": "root",
  "version": 7
}
